
Microsoft Visual Studio Solution File, Format Version 12.00
# Visual Studio Version 17
VisualStudioVersion = 17.9.34622.214
MinimumVisualStudioVersion = 10.0.40219.1
Project("{2150E333-8FDC-42A3-9474-1A3956D46DE8}") = "Services", "Services", "{A464C6DA-79B9-4368-89D1-BA37AA786C76}"
EndProject
Project("{2150E333-8FDC-42A3-9474-1A3956D46DE8}") = "Catalog", "Catalog", "{C3124CCC-623D-4171-9F8A-27FFF9E69AC3}"
EndProject
Project("{9A19103F-16F7-4668-BE54-9A1E7A4F7556}") = "Services.Catalog", "Services\Catalog\Services.Catalog\Services.Catalog.csproj", "{04944B46-4AC6-4498-88FC-846D4225EACD}"
EndProject
Project("{2150E333-8FDC-42A3-9474-1A3956D46DE8}") = "Solution Items", "Solution Items", "{6B2A1930-6C24-442C-BB1E-83534A3C1D11}"
	ProjectSection(SolutionItems) = preProject
		ports.txt = ports.txt
	EndProjectSection
EndProject
Project("{2150E333-8FDC-42A3-9474-1A3956D46DE8}") = "Shared", "Shared", "{3361E169-6BA1-47B4-91DA-EF54CF857280}"
EndProject
Project("{9A19103F-16F7-4668-BE54-9A1E7A4F7556}") = "Shared", "Shared\Shared\Shared.csproj", "{9D4F4EDA-8F3D-45C2-809B-DACB648F8C1E}"
EndProject
Project("{2150E333-8FDC-42A3-9474-1A3956D46DE8}") = "IdentitiyServer", "IdentitiyServer", "{4FD69057-3AB7-49AB-960C-9FB1B438838F}"
EndProject
Project("{9A19103F-16F7-4668-BE54-9A1E7A4F7556}") = "IdentityServer", "IdentitiyServer\IdentityServer\IdentityServer.csproj", "{C309DD4D-CB0A-475E-893D-7D05FDAA0714}"
EndProject
Project("{2150E333-8FDC-42A3-9474-1A3956D46DE8}") = "PhotoStock", "PhotoStock", "{666DBAF6-8EF2-4F33-83CC-24A5A5869B6B}"
EndProject
Project("{9A19103F-16F7-4668-BE54-9A1E7A4F7556}") = "Services.PhotoStock", "Services\PhtoStock\Services.PhotoStock\Services.PhotoStock.csproj", "{FDBEB61F-A0B2-4089-9D70-6997231D11FB}"
EndProject
Project("{2150E333-8FDC-42A3-9474-1A3956D46DE8}") = "Basket", "Basket", "{64E62575-BDBF-4A1B-8B48-3CD7D96F8D60}"
EndProject
Project("{FAE04EC0-301F-11D3-BF4B-00C04F79EFBC}") = "Services.Basket", "Services\Basket\Services.Basket\Services.Basket.csproj", "{E2261B73-3066-416B-89A0-9074DCF1CA82}"
EndProject
Project("{2150E333-8FDC-42A3-9474-1A3956D46DE8}") = "Discount", "Discount", "{24F4C6C8-E7BC-4769-8ADB-2517914FF77B}"
EndProject
Project("{9A19103F-16F7-4668-BE54-9A1E7A4F7556}") = "Services.Discount", "Services\Discount\Services.Discount\Services.Discount.csproj", "{6AD4BC42-991E-422B-BF8D-F8E40F48D6E1}"
EndProject
Project("{2150E333-8FDC-42A3-9474-1A3956D46DE8}") = "Order", "Order", "{2D89D3B5-68FA-4815-91E6-EB605C5A8EB9}"
EndProject
Project("{9A19103F-16F7-4668-BE54-9A1E7A4F7556}") = "Services.Order.API", "Services\Order\Services.Order.API\Services.Order.API.csproj", "{3D60D9E1-28A2-4CD6-891D-301410BADDC6}"
EndProject
Project("{9A19103F-16F7-4668-BE54-9A1E7A4F7556}") = "Services.Order.Application", "Services\Order\Services.Order.Application\Services.Order.Application.csproj", "{9B454FDB-D457-45CB-856F-18484E9ACC43}"
EndProject
Project("{9A19103F-16F7-4668-BE54-9A1E7A4F7556}") = "Services.Order.Domain", "Services\Order\Services.Order.Domain\Services.Order.Domain.csproj", "{525ECCFD-9EA6-40E7-8864-24E309C51A3E}"
EndProject
Project("{9A19103F-16F7-4668-BE54-9A1E7A4F7556}") = "Services.Order.Domain.Core", "Services\Order\Services.Order.Domain.Core\Services.Order.Domain.Core.csproj", "{F77EB6A9-27CD-4CE1-97D1-8E85AAAB0DC0}"
EndProject
Project("{9A19103F-16F7-4668-BE54-9A1E7A4F7556}") = "Services.Order.Infrastructure", "Services\Order\Services.Order.Infrastructure\Services.Order.Infrastructure.csproj", "{913FD6C6-2640-4CE3-BFE9-E39F95DADB55}"
EndProject
Project("{2150E333-8FDC-42A3-9474-1A3956D46DE8}") = "Payment", "Payment", "{DFC4F741-93B3-4772-861E-659ED9B45403}"
EndProject
Project("{9A19103F-16F7-4668-BE54-9A1E7A4F7556}") = "Services.Payment", "Services\Payment\Services.Payment\Services.Payment.csproj", "{30C84D72-19D5-4368-967B-12CB19D76DEB}"
EndProject
Global
	GlobalSection(SolutionConfigurationPlatforms) = preSolution
		Debug|Any CPU = Debug|Any CPU
		Release|Any CPU = Release|Any CPU
	EndGlobalSection
	GlobalSection(ProjectConfigurationPlatforms) = postSolution
		{04944B46-4AC6-4498-88FC-846D4225EACD}.Debug|Any CPU.ActiveCfg = Debug|Any CPU
		{04944B46-4AC6-4498-88FC-846D4225EACD}.Debug|Any CPU.Build.0 = Debug|Any CPU
		{04944B46-4AC6-4498-88FC-846D4225EACD}.Release|Any CPU.ActiveCfg = Release|Any CPU
		{04944B46-4AC6-4498-88FC-846D4225EACD}.Release|Any CPU.Build.0 = Release|Any CPU
		{9D4F4EDA-8F3D-45C2-809B-DACB648F8C1E}.Debug|Any CPU.ActiveCfg = Debug|Any CPU
		{9D4F4EDA-8F3D-45C2-809B-DACB648F8C1E}.Debug|Any CPU.Build.0 = Debug|Any CPU
		{9D4F4EDA-8F3D-45C2-809B-DACB648F8C1E}.Release|Any CPU.ActiveCfg = Release|Any CPU
		{9D4F4EDA-8F3D-45C2-809B-DACB648F8C1E}.Release|Any CPU.Build.0 = Release|Any CPU
		{C309DD4D-CB0A-475E-893D-7D05FDAA0714}.Debug|Any CPU.ActiveCfg = Debug|Any CPU
		{C309DD4D-CB0A-475E-893D-7D05FDAA0714}.Debug|Any CPU.Build.0 = Debug|Any CPU
		{C309DD4D-CB0A-475E-893D-7D05FDAA0714}.Release|Any CPU.ActiveCfg = Release|Any CPU
		{C309DD4D-CB0A-475E-893D-7D05FDAA0714}.Release|Any CPU.Build.0 = Release|Any CPU
		{FDBEB61F-A0B2-4089-9D70-6997231D11FB}.Debug|Any CPU.ActiveCfg = Debug|Any CPU
		{FDBEB61F-A0B2-4089-9D70-6997231D11FB}.Debug|Any CPU.Build.0 = Debug|Any CPU
		{FDBEB61F-A0B2-4089-9D70-6997231D11FB}.Release|Any CPU.ActiveCfg = Release|Any CPU
		{FDBEB61F-A0B2-4089-9D70-6997231D11FB}.Release|Any CPU.Build.0 = Release|Any CPU
		{E2261B73-3066-416B-89A0-9074DCF1CA82}.Debug|Any CPU.ActiveCfg = Debug|Any CPU
		{E2261B73-3066-416B-89A0-9074DCF1CA82}.Debug|Any CPU.Build.0 = Debug|Any CPU
		{E2261B73-3066-416B-89A0-9074DCF1CA82}.Release|Any CPU.ActiveCfg = Release|Any CPU
		{E2261B73-3066-416B-89A0-9074DCF1CA82}.Release|Any CPU.Build.0 = Release|Any CPU
		{6AD4BC42-991E-422B-BF8D-F8E40F48D6E1}.Debug|Any CPU.ActiveCfg = Debug|Any CPU
		{6AD4BC42-991E-422B-BF8D-F8E40F48D6E1}.Debug|Any CPU.Build.0 = Debug|Any CPU
		{6AD4BC42-991E-422B-BF8D-F8E40F48D6E1}.Release|Any CPU.ActiveCfg = Release|Any CPU
		{6AD4BC42-991E-422B-BF8D-F8E40F48D6E1}.Release|Any CPU.Build.0 = Release|Any CPU
		{3D60D9E1-28A2-4CD6-891D-301410BADDC6}.Debug|Any CPU.ActiveCfg = Debug|Any CPU
		{3D60D9E1-28A2-4CD6-891D-301410BADDC6}.Debug|Any CPU.Build.0 = Debug|Any CPU
		{3D60D9E1-28A2-4CD6-891D-301410BADDC6}.Release|Any CPU.ActiveCfg = Release|Any CPU
		{3D60D9E1-28A2-4CD6-891D-301410BADDC6}.Release|Any CPU.Build.0 = Release|Any CPU
		{9B454FDB-D457-45CB-856F-18484E9ACC43}.Debug|Any CPU.ActiveCfg = Debug|Any CPU
		{9B454FDB-D457-45CB-856F-18484E9ACC43}.Debug|Any CPU.Build.0 = Debug|Any CPU
		{9B454FDB-D457-45CB-856F-18484E9ACC43}.Release|Any CPU.ActiveCfg = Release|Any CPU
		{9B454FDB-D457-45CB-856F-18484E9ACC43}.Release|Any CPU.Build.0 = Release|Any CPU
		{525ECCFD-9EA6-40E7-8864-24E309C51A3E}.Debug|Any CPU.ActiveCfg = Debug|Any CPU
		{525ECCFD-9EA6-40E7-8864-24E309C51A3E}.Debug|Any CPU.Build.0 = Debug|Any CPU
		{525ECCFD-9EA6-40E7-8864-24E309C51A3E}.Release|Any CPU.ActiveCfg = Release|Any CPU
		{525ECCFD-9EA6-40E7-8864-24E309C51A3E}.Release|Any CPU.Build.0 = Release|Any CPU
		{F77EB6A9-27CD-4CE1-97D1-8E85AAAB0DC0}.Debug|Any CPU.ActiveCfg = Debug|Any CPU
		{F77EB6A9-27CD-4CE1-97D1-8E85AAAB0DC0}.Debug|Any CPU.Build.0 = Debug|Any CPU
		{F77EB6A9-27CD-4CE1-97D1-8E85AAAB0DC0}.Release|Any CPU.ActiveCfg = Release|Any CPU
		{F77EB6A9-27CD-4CE1-97D1-8E85AAAB0DC0}.Release|Any CPU.Build.0 = Release|Any CPU
		{913FD6C6-2640-4CE3-BFE9-E39F95DADB55}.Debug|Any CPU.ActiveCfg = Debug|Any CPU
		{913FD6C6-2640-4CE3-BFE9-E39F95DADB55}.Debug|Any CPU.Build.0 = Debug|Any CPU
		{913FD6C6-2640-4CE3-BFE9-E39F95DADB55}.Release|Any CPU.ActiveCfg = Release|Any CPU
		{913FD6C6-2640-4CE3-BFE9-E39F95DADB55}.Release|Any CPU.Build.0 = Release|Any CPU
		{30C84D72-19D5-4368-967B-12CB19D76DEB}.Debug|Any CPU.ActiveCfg = Debug|Any CPU
		{30C84D72-19D5-4368-967B-12CB19D76DEB}.Debug|Any CPU.Build.0 = Debug|Any CPU
		{30C84D72-19D5-4368-967B-12CB19D76DEB}.Release|Any CPU.ActiveCfg = Release|Any CPU
		{30C84D72-19D5-4368-967B-12CB19D76DEB}.Release|Any CPU.Build.0 = Release|Any CPU
	EndGlobalSection
	GlobalSection(SolutionProperties) = preSolution
		HideSolutionNode = FALSE
	EndGlobalSection
	GlobalSection(NestedProjects) = preSolution
		{C3124CCC-623D-4171-9F8A-27FFF9E69AC3} = {A464C6DA-79B9-4368-89D1-BA37AA786C76}
		{04944B46-4AC6-4498-88FC-846D4225EACD} = {C3124CCC-623D-4171-9F8A-27FFF9E69AC3}
		{9D4F4EDA-8F3D-45C2-809B-DACB648F8C1E} = {3361E169-6BA1-47B4-91DA-EF54CF857280}
		{C309DD4D-CB0A-475E-893D-7D05FDAA0714} = {4FD69057-3AB7-49AB-960C-9FB1B438838F}
		{666DBAF6-8EF2-4F33-83CC-24A5A5869B6B} = {A464C6DA-79B9-4368-89D1-BA37AA786C76}
		{FDBEB61F-A0B2-4089-9D70-6997231D11FB} = {666DBAF6-8EF2-4F33-83CC-24A5A5869B6B}
		{64E62575-BDBF-4A1B-8B48-3CD7D96F8D60} = {A464C6DA-79B9-4368-89D1-BA37AA786C76}
		{E2261B73-3066-416B-89A0-9074DCF1CA82} = {64E62575-BDBF-4A1B-8B48-3CD7D96F8D60}
		{24F4C6C8-E7BC-4769-8ADB-2517914FF77B} = {A464C6DA-79B9-4368-89D1-BA37AA786C76}
		{6AD4BC42-991E-422B-BF8D-F8E40F48D6E1} = {24F4C6C8-E7BC-4769-8ADB-2517914FF77B}
		{2D89D3B5-68FA-4815-91E6-EB605C5A8EB9} = {A464C6DA-79B9-4368-89D1-BA37AA786C76}
		{3D60D9E1-28A2-4CD6-891D-301410BADDC6} = {2D89D3B5-68FA-4815-91E6-EB605C5A8EB9}
		{9B454FDB-D457-45CB-856F-18484E9ACC43} = {2D89D3B5-68FA-4815-91E6-EB605C5A8EB9}
		{525ECCFD-9EA6-40E7-8864-24E309C51A3E} = {2D89D3B5-68FA-4815-91E6-EB605C5A8EB9}
		{F77EB6A9-27CD-4CE1-97D1-8E85AAAB0DC0} = {2D89D3B5-68FA-4815-91E6-EB605C5A8EB9}
		{913FD6C6-2640-4CE3-BFE9-E39F95DADB55} = {2D89D3B5-68FA-4815-91E6-EB605C5A8EB9}
		{DFC4F741-93B3-4772-861E-659ED9B45403} = {A464C6DA-79B9-4368-89D1-BA37AA786C76}
		{30C84D72-19D5-4368-967B-12CB19D76DEB} = {DFC4F741-93B3-4772-861E-659ED9B45403}
	EndGlobalSection
	GlobalSection(ExtensibilityGlobals) = postSolution
		SolutionGuid = {D1405856-3B95-4F01-B763-570061C40F58}
	EndGlobalSection
EndGlobal
